<Solution>
  <Folder Name="/Solution Items/">
    <File Path="Directory.Build.props" />
    <File Path="Directory.Build.targets" />
    <File Path="Directory.Packages.props" />
  </Folder>
  <Folder Name="/src/">
    <Project Path="src/Weft.App/Weft.App.csproj" />
    <Project Path="src/Weft.Client/Weft.Client.csproj" />
    <Project Path="src/Weft.Client.Core/Weft.Client.Core.csproj" />
    <Project Path="src/Weft.Core/Weft.Core.csproj" />
    <Project Path="src/Weft.Desktop.Windows/Weft.Desktop.Windows.csproj" />
    <Project Path="src/Weft.Mcp/Weft.Mcp.csproj" />
    <Project Path="src/Weft.Protocol/Weft.Protocol.csproj" />
    <Project Path="src/Weft.Server/Weft.Server.csproj" />
    <Project Path="src/Weft.SourceGen/Weft.SourceGen.csproj" />
  </Folder>
  <Folder Name="/tests/">
    <Project Path="tests/Weft.Desktop.Windows.Tests/Weft.Desktop.Windows.Tests.csproj" />
  </Folder>
</Solution>
