<Solution>
  <Folder Name="/Solution Items/">
    <File Path=".editorconfig" />
    <File Path=".gitattributes" />
    <File Path=".gitignore" />
    <File Path=".globalconfig" />
    <File Path="AGENTS.md" />
    <File Path="CONTRIBUTING.md" />
    <File Path="Directory.Build.props" />
    <File Path="Directory.Build.rsp" />
    <File Path="Directory.Build.targets" />
    <File Path="Directory.Packages.props" />
    <File Path="global.json" />
    <File Path="LICENSE" />
    <File Path="NuGet.Config" />
    <File Path="README.md" />
    <File Path="SECURITY.md" />
    <File Path="docs/design.md" />
  </Folder>
  <Folder Name="/src/">
    <Project Path="src/Weft.App/Weft.App.csproj" />
    <Project Path="src/Weft.Client/Weft.Client.csproj" />
    <Project Path="src/Weft.Core/Weft.Core.csproj" />
    <Project Path="src/Weft.Mcp/Weft.Mcp.csproj" />
    <Project Path="src/Weft.Protocol/Weft.Protocol.csproj" />
    <Project Path="src/Weft.Server/Weft.Server.csproj" />
    <Project Path="src/Weft.SourceGen/Weft.SourceGen.csproj" />
  </Folder>
  <Folder Name="/benchmarks/">
    <Project Path="benchmarks/Weft.Benchmarks/Weft.Benchmarks.csproj" />
  </Folder>
  <Folder Name="/tests/">
    <Project Path="tests/Weft.SourceGen.Tests/Weft.SourceGen.Tests.csproj" />
    <Project Path="tests/Weft.Tests/Weft.Tests.csproj" />
  </Folder>
</Solution>
